// !$*UTF8*$!
{
	archiveVersion = 1;
	classes = {
	};
	objectVersion = 50;
	objects = {

/* Begin PBXBuildFile section */
		D1055D5D24F773DE003FCEAF /* AppDelegate.swift in Sources */ = {isa = PBXBuildFile; fileRef = D1055D5C24F773DE003FCEAF /* AppDelegate.swift */; };
		D1055D5F24F773DE003FCEAF /* SceneDelegate.swift in Sources */ = {isa = PBXBuildFile; fileRef = D1055D5E24F773DE003FCEAF /* SceneDelegate.swift */; };
		D1055D6124F773DE003FCEAF /* ContentView.swift in Sources */ = {isa = PBXBuildFile; fileRef = D1055D6024F773DE003FCEAF /* ContentView.swift */; };
		D1055D6324F773DF003FCEAF /* Assets.xcassets in Resources */ = {isa = PBXBuildFile; fileRef = D1055D6224F773DF003FCEAF /* Assets.xcassets */; };
		D1055D6624F773DF003FCEAF /* Preview Assets.xcassets in Resources */ = {isa = PBXBuildFile; fileRef = D1055D6524F773DF003FCEAF /* Preview Assets.xcassets */; };
		D1055D6924F773DF003FCEAF /* LaunchScreen.storyboard in Resources */ = {isa = PBXBuildFile; fileRef = D1055D6724F773DF003FCEAF /* LaunchScreen.storyboard */; };
		D1055D7524F77BDC003FCEAF /* ImagePicker.swift in Sources */ = {isa = PBXBuildFile; fileRef = D1055D7424F77BDC003FCEAF /* ImagePicker.swift */; };
		D1055D7724F77EF7003FCEAF /* Coordinator.swift in Sources */ = {isa = PBXBuildFile; fileRef = D1055D7624F77EF7003FCEAF /* Coordinator.swift */; };
		D1A2E0CF24FCDBF1001FC1B3 /* UIImageExtensions.swift in Sources */ = {isa = PBXBuildFile; fileRef = D1A2E0CE24FCDBF1001FC1B3 /* UIImageExtensions.swift */; };
/* End PBXBuildFile section */

/* Begin PBXFileReference section */
		D1055D5924F773DE003FCEAF /* CameraApp.app */ = {isa = PBXFileReference; explicitFileType = wrapper.application; includeInIndex = 0; path = CameraApp.app; sourceTree = BUILT_PRODUCTS_DIR; };
		D1055D5C24F773DE003FCEAF /* AppDelegate.swift */ = {isa = PBXFileReference; lastKnownFileType = sourcecode.swift; path = AppDelegate.swift; sourceTree = "<group>"; };
		D1055D5E24F773DE003FCEAF /* SceneDelegate.swift */ = {isa = PBXFileReference; lastKnownFileType = sourcecode.swift; path = SceneDelegate.swift; sourceTree = "<group>"; };
		D1055D6024F773DE003FCEAF /* ContentView.swift */ = {isa = PBXFileReference; lastKnownFileType = sourcecode.swift; path = ContentView.swift; sourceTree = "<group>"; };
		D1055D6224F773DF003FCEAF /* Assets.xcassets */ = {isa = PBXFileReference; lastKnownFileType = folder.assetcatalog; path = Assets.xcassets; sourceTree = "<group>"; };
		D1055D6524F773DF003FCEAF /* Preview Assets.xcassets */ = {isa = PBXFileReference; lastKnownFileType = folder.assetcatalog; path = "Preview Assets.xcassets"; sourceTree = "<group>"; };
		D1055D6824F773DF003FCEAF /* Base */ = {isa = PBXFileReference; lastKnownFileType = file.storyboard; name = Base; path = Base.lproj/LaunchScreen.storyboard; sourceTree = "<group>"; };
		D1055D6A24F773DF003FCEAF /* Info.plist */ = {isa = PBXFileReference; lastKnownFileType = text.plist.xml; path = Info.plist; sourceTree = "<group>"; };
		D1055D7424F77BDC003FCEAF /* ImagePicker.swift */ = {isa = PBXFileReference; lastKnownFileType = sourcecode.swift; path = ImagePicker.swift; sourceTree = "<group>"; };
		D1055D7624F77EF7003FCEAF /* Coordinator.swift */ = {isa = PBXFileReference; lastKnownFileType = sourcecode.swift; path = Coordinator.swift; sourceTree = "<group>"; };
		D1A2E0CE24FCDBF1001FC1B3 /* UIImageExtensions.swift */ = {isa = PBXFileReference; lastKnownFileType = sourcecode.swift; path = UIImageExtensions.swift; sourceTree = "<group>"; };
/* End PBXFileReference section */

/* Begin PBXFrameworksBuildPhase section */
		D1055D5624F773DD003FCEAF /* Frameworks */ = {
			isa = PBXFrameworksBuildPhase;
			buildActionMask = 2147483647;
			files = (
			);
			runOnlyForDeploymentPostprocessing = 0;
		};
/* End PBXFrameworksBuildPhase section */

/* Begin PBXGroup section */
		D1055D5024F773DD003FCEAF = {
			isa = PBXGroup;
			children = (
				D1055D5B24F773DE003FCEAF /* CameraApp */,
				D1055D5A24F773DE003FCEAF /* Products */,
			);
			sourceTree = "<group>";
		};
		D1055D5A24F773DE003FCEAF /* Products */ = {
			isa = PBXGroup;
			children = (
				D1055D5924F773DE003FCEAF /* CameraApp.app */,
			);
			name = Products;
			sourceTree = "<group>";
		};
		D1055D5B24F773DE003FCEAF /* CameraApp */ = {
			isa = PBXGroup;
			children = (
				D1055D5C24F773DE003FCEAF /* AppDelegate.swift */,
				D1055D5E24F773DE003FCEAF /* SceneDelegate.swift */,
				D1055D6024F773DE003FCEAF /* ContentView.swift */,
				D1055D7624F77EF7003FCEAF /* Coordinator.swift */,
				D1A2E0CE24FCDBF1001FC1B3 /* UIImageExtensions.swift */,
				D1055D7424F77BDC003FCEAF /* ImagePicker.swift */,
				D1055D6224F773DF003FCEAF /* Assets.xcassets */,
				D1055D6724F773DF003FCEAF /* LaunchScreen.storyboard */,
				D1055D6A24F773DF003FCEAF /* Info.plist */,
				D1055D6424F773DF003FCEAF /* Preview Content */,
			);
			path = CameraApp;
			sourceTree = "<group>";
		};
		D1055D6424F773DF003FCEAF /* Preview Content */ = {
			isa = PBXGroup;
			children = (
				D1055D6524F773DF003FCEAF /* Preview Assets.xcassets */,
			);
			path = "Preview Content";
			sourceTree = "<group>";
		};
/* End PBXGroup section */

/* Begin PBXNativeTarget section */
		D1055D5824F773DD003FCEAF /* CameraApp */ = {
			isa = PBXNativeTarget;
			buildConfigurationList = D1055D6D24F773DF003FCEAF /* Build configuration list for PBXNativeTarget "CameraApp" */;
			buildPhases = (
				D1055D5524F773DD003FCEAF /* Sources */,
				D1055D5624F773DD003FCEAF /* Frameworks */,
				D1055D5724F773DD003FCEAF /* Resources */,
			);
			buildRules = (
			);
			dependencies = (
			);
			name = CameraApp;
			productName = CameraApp;
			productReference = D1055D5924F773DE003FCEAF /* CameraApp.app */;
			productType = "com.apple.product-type.application";
		};
/* End PBXNativeTarget section */

/* Begin PBXProject section */
		D1055D5124F773DD003FCEAF /* Project object */ = {
			isa = PBXProject;
			attributes = {
				LastSwiftUpdateCheck = 1160;
				LastUpgradeCheck = 1160;
				ORGANIZATIONNAME = "Keita Shiga";
				TargetAttributes = {
					D1055D5824F773DD003FCEAF = {
						CreatedOnToolsVersion = 11.6;
					};
				};
			};
			buildConfigurationList = D1055D5424F773DD003FCEAF /* Build configuration list for PBXProject "CameraApp" */;
			compatibilityVersion = "Xcode 9.3";
			developmentRegion = en;
			hasScannedForEncodings = 0;
			knownRegions = (
				en,
				Base,
			);
			mainGroup = D1055D5024F773DD003FCEAF;
			productRefGroup = D1055D5A24F773DE003FCEAF /* Products */;
			projectDirPath = "";
			projectRoot = "";
			targets = (
				D1055D5824F773DD003FCEAF /* CameraApp */,
			);
		};
/* End PBXProject section */

/* Begin PBXResourcesBuildPhase section */
		D1055D5724F773DD003FCEAF /* Resources */ = {
			isa = PBXResourcesBuildPhase;
			buildActionMask = 2147483647;
			files = (
				D1055D6924F773DF003FCEAF /* LaunchScreen.storyboard in Resources */,
				D1055D6624F773DF003FCEAF /* Preview Assets.xcassets in Resources */,
				D1055D6324F773DF003FCEAF /* Assets.xcassets in Resources */,
			);
			runOnlyForDeploymentPostprocessing = 0;
		};
/* End PBXResourcesBuildPhase section */

/* Begin PBXSourcesBuildPhase section */
		D1055D5524F773DD003FCEAF /* Sources */ = {
			isa = PBXSourcesBuildPhase;
			buildActionMask = 2147483647;
			files = (
				D1055D5D24F773DE003FCEAF /* AppDelegate.swift in Sources */,
				D1055D7524F77BDC003FCEAF /* ImagePicker.swift in Sources */,
				D1055D7724F77EF7003FCEAF /* Coordinator.swift in Sources */,
				D1A2E0CF24FCDBF1001FC1B3 /* UIImageExtensions.swift in Sources */,
				D1055D5F24F773DE003FCEAF /* SceneDelegate.swift in Sources */,
				D1055D6124F773DE003FCEAF /* ContentView.swift in Sources */,
			);
			runOnlyForDeploymentPostprocessing = 0;
		};
/* End PBXSourcesBuildPhase section */

/* Begin PBXVariantGroup section */
		D1055D6724F773DF003FCEAF /* LaunchScreen.storyboard */ = {
			isa = PBXVariantGroup;
			children = (
				D1055D6824F773DF003FCEAF /* Base */,
			);
			name = LaunchScreen.storyboard;
			sourceTree = "<group>";
		};
/* End PBXVariantGroup section */

/* Begin XCBuildConfiguration section */
		D1055D6B24F773DF003FCEAF /* Debug */ = {
			isa = XCBuildConfiguration;
			buildSettings = {
				ALWAYS_SEARCH_USER_PATHS = NO;
				CLANG_ANALYZER_NONNULL = YES;
				CLANG_ANALYZER_NUMBER_OBJECT_CONVERSION = YES_AGGRESSIVE;
				CLANG_CXX_LANGUAGE_STANDARD = "gnu++14";
				CLANG_CXX_LIBRARY = "libc++";
				CLANG_ENABLE_MODULES = YES;
				CLANG_ENABLE_OBJC_ARC = YES;
				CLANG_ENABLE_OBJC_WEAK = YES;
				CLANG_WARN_BLOCK_CAPTURE_AUTORELEASING = YES;
				CLANG_WARN_BOOL_CONVERSION = YES;
				CLANG_WARN_COMMA = YES;
				CLANG_WARN_CONSTANT_CONVERSION = YES;
				CLANG_WARN_DEPRECATED_OBJC_IMPLEMENTATIONS = YES;
				CLANG_WARN_DIRECT_OBJC_ISA_USAGE = YES_ERROR;
				CLANG_WARN_DOCUMENTATION_COMMENTS = YES;
				CLANG_WARN_EMPTY_BODY = YES;
				CLANG_WARN_ENUM_CONVERSION = YES;
				CLANG_WARN_INFINITE_RECURSION = YES;
				CLANG_WARN_INT_CONVERSION = YES;
				CLANG_WARN_NON_LITERAL_NULL_CONVERSION = YES;
				CLANG_WARN_OBJC_IMPLICIT_RETAIN_SELF = YES;
				CLANG_WARN_OBJC_LITERAL_CONVERSION = YES;
				CLANG_WARN_OBJC_ROOT_CLASS = YES_ERROR;
				CLANG_WARN_RANGE_LOOP_ANALYSIS = YES;
				CLANG_WARN_STRICT_PROTOTYPES = YES;
				CLANG_WARN_SUSPICIOUS_MOVE = YES;
				CLANG_WARN_UNGUARDED_AVAILABILITY = YES_AGGRESSIVE;
				CLANG_WARN_UNREACHABLE_CODE = YES;
				CLANG_WARN__DUPLICATE_METHOD_MATCH = YES;
				COPY_PHASE_STRIP = NO;
				DEBUG_INFORMATION_FORMAT = dwarf;
				ENABLE_STRICT_OBJC_MSGSEND = YES;
				ENABLE_TESTABILITY = YES;
				GCC_C_LANGUAGE_STANDARD = gnu11;
				GCC_DYNAMIC_NO_PIC = NO;
				GCC_NO_COMMON_BLOCKS = YES;
				GCC_OPTIMIZATION_LEVEL = 0;
				GCC_PREPROCESSOR_DEFINITIONS = (
					"DEBUG=1",
					"$(inherited)",
				);
				GCC_WARN_64_TO_32_BIT_CONVERSION = YES;
				GCC_WARN_ABOUT_RETURN_TYPE = YES_ERROR;
				GCC_WARN_UNDECLARED_SELECTOR = YES;
				GCC_WARN_UNINITIALIZED_AUTOS = YES_AGGRESSIVE;
				GCC_WARN_UNUSED_FUNCTION = YES;
				GCC_WARN_UNUSED_VARIABLE = YES;
				IPHONEOS_DEPLOYMENT_TARGET = 13.6;
				MTL_ENABLE_DEBUG_INFO = INCLUDE_SOURCE;
				MTL_FAST_MATH = YES;
				ONLY_ACTIVE_ARCH = YES;
				SDKROOT = iphoneos;
				SWIFT_ACTIVE_COMPILATION_CONDITIONS = DEBUG;
				SWIFT_OPTIMIZATION_LEVEL = "-Onone";
			};
			name = Debug;
		};
		D1055D6C24F773DF003FCEAF /* Release */ = {
			isa = XCBuildConfiguration;
			buildSettings = {
				ALWAYS_SEARCH_USER_PATHS = NO;
				CLANG_ANALYZER_NONNULL = YES;
				CLANG_ANALYZER_NUMBER_OBJECT_CONVERSION = YES_AGGRESSIVE;
				CLANG_CXX_LANGUAGE_STANDARD = "gnu++14";
				CLANG_CXX_LIBRARY = "libc++";
				CLANG_ENABLE_MODULES = YES;
				CLANG_ENABLE_OBJC_ARC = YES;
				CLANG_ENABLE_OBJC_WEAK = YES;
				CLANG_WARN_BLOCK_CAPTURE_AUTORELEASING = YES;
				CLANG_WARN_BOOL_CONVERSION = YES;
				CLANG_WARN_COMMA = YES;
				CLANG_WARN_CONSTANT_CONVERSION = YES;
				CLANG_WARN_DEPRECATED_OBJC_IMPLEMENTATIONS = YES;
				CLANG_WARN_DIRECT_OBJC_ISA_USAGE = YES_ERROR;
				CLANG_WARN_DOCUMENTATION_COMMENTS = YES;
				CLANG_WARN_EMPTY_BODY = YES;
				CLANG_WARN_ENUM_CONVERSION = YES;
				CLANG_WARN_INFINITE_RECURSION = YES;
				CLANG_WARN_INT_CONVERSION = YES;
				CLANG_WARN_NON_LITERAL_NULL_CONVERSION = YES;
				CLANG_WARN_OBJC_IMPLICIT_RETAIN_SELF = YES;
				CLANG_WARN_OBJC_LITERAL_CONVERSION = YES;
				CLANG_WARN_OBJC_ROOT_CLASS = YES_ERROR;
				CLANG_WARN_RANGE_LOOP_ANALYSIS = YES;
				CLANG_WARN_STRICT_PROTOTYPES = YES;
				CLANG_WARN_SUSPICIOUS_MOVE = YES;
				CLANG_WARN_UNGUARDED_AVAILABILITY = YES_AGGRESSIVE;
				CLANG_WARN_UNREACHABLE_CODE = YES;
				CLANG_WARN__DUPLICATE_METHOD_MATCH = YES;
				COPY_PHASE_STRIP = NO;
				DEBUG_INFORMATION_FORMAT = "dwarf-with-dsym";
				ENABLE_NS_ASSERTIONS = NO;
				ENABLE_STRICT_OBJC_MSGSEND = YES;
				GCC_C_LANGUAGE_STANDARD = gnu11;
				GCC_NO_COMMON_BLOCKS = YES;
				GCC_WARN_64_TO_32_BIT_CONVERSION = YES;
				GCC_WARN_ABOUT_RETURN_TYPE = YES_ERROR;
				GCC_WARN_UNDECLARED_SELECTOR = YES;
				GCC_WARN_UNINITIALIZED_AUTOS = YES_AGGRESSIVE;
				GCC_WARN_UNUSED_FUNCTION = YES;
				GCC_WARN_UNUSED_VARIABLE = YES;
				IPHONEOS_DEPLOYMENT_TARGET = 13.6;
				MTL_ENABLE_DEBUG_INFO = NO;
				MTL_FAST_MATH = YES;
				SDKROOT = iphoneos;
				SWIFT_COMPILATION_MODE = wholemodule;
				SWIFT_OPTIMIZATION_LEVEL = "-O";
				VALIDATE_PRODUCT = YES;
			};
			name = Release;
		};
		D1055D6E24F773DF003FCEAF /* Debug */ = {
			isa = XCBuildConfiguration;
			buildSettings = {
				ASSETCATALOG_COMPILER_APPICON_NAME = AppIcon;
				CODE_SIGN_STYLE = Automatic;
				DEVELOPMENT_ASSET_PATHS = "\"CameraApp/Preview Content\"";
				DEVELOPMENT_TEAM = 2TT97CQ745;
				ENABLE_PREVIEWS = YES;
				INFOPLIST_FILE = CameraApp/Info.plist;
				LD_RUNPATH_SEARCH_PATHS = (
					"$(inherited)",
					"@executable_path/Frameworks",
				);
				PRODUCT_BUNDLE_IDENTIFIER = com.shiga.CameraApp;
				PRODUCT_NAME = "$(TARGET_NAME)";
				SWIFT_VERSION = 5.0;
				TARGETED_DEVICE_FAMILY = "1,2";
			};
			name = Debug;
		};
		D1055D6F24F773DF003FCEAF /* Release */ = {
			isa = XCBuildConfiguration;
			buildSettings = {
				ASSETCATALOG_COMPILER_APPICON_NAME = AppIcon;
				CODE_SIGN_STYLE = Automatic;
				DEVELOPMENT_ASSET_PATHS = "\"CameraApp/Preview Content\"";
				DEVELOPMENT_TEAM = 2TT97CQ745;
				ENABLE_PREVIEWS = YES;
				INFOPLIST_FILE = CameraApp/Info.plist;
				LD_RUNPATH_SEARCH_PATHS = (
					"$(inherited)",
					"@executable_path/Frameworks",
				);
				PRODUCT_BUNDLE_IDENTIFIER = com.shiga.CameraApp;
				PRODUCT_NAME = "$(TARGET_NAME)";
				SWIFT_VERSION = 5.0;
				TARGETED_DEVICE_FAMILY = "1,2";
			};
			name = Release;
		};
/* End XCBuildConfiguration section */

/* Begin XCConfigurationList section */
		D1055D5424F773DD003FCEAF /* Build configuration list for PBXProject "CameraApp" */ = {
			isa = XCConfigurationList;
			buildConfigurations = (
				D1055D6B24F773DF003FCEAF /* Debug */,
				D1055D6C24F773DF003FCEAF /* Release */,
			);
			defaultConfigurationIsVisible = 0;
			defaultConfigurationName = Release;
		};
		D1055D6D24F773DF003FCEAF /* Build configuration list for PBXNativeTarget "CameraApp" */ = {
			isa = XCConfigurationList;
			buildConfigurations = (
				D1055D6E24F773DF003FCEAF /* Debug */,
				D1055D6F24F773DF003FCEAF /* Release */,
			);
			defaultConfigurationIsVisible = 0;
			defaultConfigurationName = Release;
		};
/* End XCConfigurationList section */
	};
	rootObject = D1055D5124F773DD003FCEAF /* Project object */;
}
