// !$*UTF8*$!
{
	archiveVersion = 1;
	classes = {
	};
	objectVersion = 50;
	objects = {

/* Begin PBXBuildFile section */
		D1D8608524FF2A3400A673A8 /* AppDelegate.swift in Sources */ = {isa = PBXBuildFile; fileRef = D1D8608424FF2A3400A673A8 /* AppDelegate.swift */; };
		D1D8608724FF2A3400A673A8 /* SceneDelegate.swift in Sources */ = {isa = PBXBuildFile; fileRef = D1D8608624FF2A3400A673A8 /* SceneDelegate.swift */; };
		D1D8608924FF2A3400A673A8 /* ContentView.swift in Sources */ = {isa = PBXBuildFile; fileRef = D1D8608824FF2A3400A673A8 /* ContentView.swift */; };
		D1D8608B24FF2A3500A673A8 /* Assets.xcassets in Resources */ = {isa = PBXBuildFile; fileRef = D1D8608A24FF2A3500A673A8 /* Assets.xcassets */; };
		D1D8608E24FF2A3500A673A8 /* Preview Assets.xcassets in Resources */ = {isa = PBXBuildFile; fileRef = D1D8608D24FF2A3500A673A8 /* Preview Assets.xcassets */; };
		D1D8609124FF2A3500A673A8 /* LaunchScreen.storyboard in Resources */ = {isa = PBXBuildFile; fileRef = D1D8608F24FF2A3500A673A8 /* LaunchScreen.storyboard */; };
/* End PBXBuildFile section */

/* Begin PBXFileReference section */
		D114AD0124FFA0CB00D4C2E0 /* ja */ = {isa = PBXFileReference; lastKnownFileType = text.plist.strings; name = ja; path = ja.lproj/LaunchScreen.strings; sourceTree = "<group>"; };
		D1D8608124FF2A3400A673A8 /* LocalizationApp.app */ = {isa = PBXFileReference; explicitFileType = wrapper.application; includeInIndex = 0; path = LocalizationApp.app; sourceTree = BUILT_PRODUCTS_DIR; };
		D1D8608424FF2A3400A673A8 /* AppDelegate.swift */ = {isa = PBXFileReference; lastKnownFileType = sourcecode.swift; path = AppDelegate.swift; sourceTree = "<group>"; };
		D1D8608624FF2A3400A673A8 /* SceneDelegate.swift */ = {isa = PBXFileReference; lastKnownFileType = sourcecode.swift; path = SceneDelegate.swift; sourceTree = "<group>"; };
		D1D8608824FF2A3400A673A8 /* ContentView.swift */ = {isa = PBXFileReference; lastKnownFileType = sourcecode.swift; path = ContentView.swift; sourceTree = "<group>"; };
		D1D8608A24FF2A3500A673A8 /* Assets.xcassets */ = {isa = PBXFileReference; lastKnownFileType = folder.assetcatalog; path = Assets.xcassets; sourceTree = "<group>"; };
		D1D8608D24FF2A3500A673A8 /* Preview Assets.xcassets */ = {isa = PBXFileReference; lastKnownFileType = folder.assetcatalog; path = "Preview Assets.xcassets"; sourceTree = "<group>"; };
		D1D8609024FF2A3500A673A8 /* Base */ = {isa = PBXFileReference; lastKnownFileType = file.storyboard; name = Base; path = Base.lproj/LaunchScreen.storyboard; sourceTree = "<group>"; };
		D1D8609224FF2A3500A673A8 /* Info.plist */ = {isa = PBXFileReference; lastKnownFileType = text.plist.xml; path = Info.plist; sourceTree = "<group>"; };
/* End PBXFileReference section */

/* Begin PBXFrameworksBuildPhase section */
		D1D8607E24FF2A3400A673A8 /* Frameworks */ = {
			isa = PBXFrameworksBuildPhase;
			buildActionMask = 2147483647;
			files = (
			);
			runOnlyForDeploymentPostprocessing = 0;
		};
/* End PBXFrameworksBuildPhase section */

/* Begin PBXGroup section */
		D1D8607824FF2A3300A673A8 = {
			isa = PBXGroup;
			children = (
				D1D8608324FF2A3400A673A8 /* LocalizationApp */,
				D1D8608224FF2A3400A673A8 /* Products */,
			);
			sourceTree = "<group>";
		};
		D1D8608224FF2A3400A673A8 /* Products */ = {
			isa = PBXGroup;
			children = (
				D1D8608124FF2A3400A673A8 /* LocalizationApp.app */,
			);
			name = Products;
			sourceTree = "<group>";
		};
		D1D8608324FF2A3400A673A8 /* LocalizationApp */ = {
			isa = PBXGroup;
			children = (
				D1D8608424FF2A3400A673A8 /* AppDelegate.swift */,
				D1D8608624FF2A3400A673A8 /* SceneDelegate.swift */,
				D1D8608824FF2A3400A673A8 /* ContentView.swift */,
				D1D8608A24FF2A3500A673A8 /* Assets.xcassets */,
				D1D8608F24FF2A3500A673A8 /* LaunchScreen.storyboard */,
				D1D8609224FF2A3500A673A8 /* Info.plist */,
				D1D8608C24FF2A3500A673A8 /* Preview Content */,
			);
			path = LocalizationApp;
			sourceTree = "<group>";
		};
		D1D8608C24FF2A3500A673A8 /* Preview Content */ = {
			isa = PBXGroup;
			children = (
				D1D8608D24FF2A3500A673A8 /* Preview Assets.xcassets */,
			);
			path = "Preview Content";
			sourceTree = "<group>";
		};
/* End PBXGroup section */

/* Begin PBXNativeTarget section */
		D1D8608024FF2A3400A673A8 /* LocalizationApp */ = {
			isa = PBXNativeTarget;
			buildConfigurationList = D1D8609524FF2A3500A673A8 /* Build configuration list for PBXNativeTarget "LocalizationApp" */;
			buildPhases = (
				D1D8607D24FF2A3400A673A8 /* Sources */,
				D1D8607E24FF2A3400A673A8 /* Frameworks */,
				D1D8607F24FF2A3400A673A8 /* Resources */,
			);
			buildRules = (
			);
			dependencies = (
			);
			name = LocalizationApp;
			productName = LocalizationApp;
			productReference = D1D8608124FF2A3400A673A8 /* LocalizationApp.app */;
			productType = "com.apple.product-type.application";
		};
/* End PBXNativeTarget section */

/* Begin PBXProject section */
		D1D8607924FF2A3300A673A8 /* Project object */ = {
			isa = PBXProject;
			attributes = {
				LastSwiftUpdateCheck = 1160;
				LastUpgradeCheck = 1160;
				ORGANIZATIONNAME = "Keita Shiga";
				TargetAttributes = {
					D1D8608024FF2A3400A673A8 = {
						CreatedOnToolsVersion = 11.6;
					};
				};
			};
			buildConfigurationList = D1D8607C24FF2A3300A673A8 /* Build configuration list for PBXProject "LocalizationApp" */;
			compatibilityVersion = "Xcode 9.3";
			developmentRegion = en;
			hasScannedForEncodings = 0;
			knownRegions = (
				en,
				Base,
				ja,
			);
			mainGroup = D1D8607824FF2A3300A673A8;
			productRefGroup = D1D8608224FF2A3400A673A8 /* Products */;
			projectDirPath = "";
			projectRoot = "";
			targets = (
				D1D8608024FF2A3400A673A8 /* LocalizationApp */,
			);
		};
/* End PBXProject section */

/* Begin PBXResourcesBuildPhase section */
		D1D8607F24FF2A3400A673A8 /* Resources */ = {
			isa = PBXResourcesBuildPhase;
			buildActionMask = 2147483647;
			files = (
				D1D8609124FF2A3500A673A8 /* LaunchScreen.storyboard in Resources */,
				D1D8608E24FF2A3500A673A8 /* Preview Assets.xcassets in Resources */,
				D1D8608B24FF2A3500A673A8 /* Assets.xcassets in Resources */,
			);
			runOnlyForDeploymentPostprocessing = 0;
		};
/* End PBXResourcesBuildPhase section */

/* Begin PBXSourcesBuildPhase section */
		D1D8607D24FF2A3400A673A8 /* Sources */ = {
			isa = PBXSourcesBuildPhase;
			buildActionMask = 2147483647;
			files = (
				D1D8608524FF2A3400A673A8 /* AppDelegate.swift in Sources */,
				D1D8608724FF2A3400A673A8 /* SceneDelegate.swift in Sources */,
				D1D8608924FF2A3400A673A8 /* ContentView.swift in Sources */,
			);
			runOnlyForDeploymentPostprocessing = 0;
		};
/* End PBXSourcesBuildPhase section */

/* Begin PBXVariantGroup section */
		D1D8608F24FF2A3500A673A8 /* LaunchScreen.storyboard */ = {
			isa = PBXVariantGroup;
			children = (
				D1D8609024FF2A3500A673A8 /* Base */,
				D114AD0124FFA0CB00D4C2E0 /* ja */,
			);
			name = LaunchScreen.storyboard;
			sourceTree = "<group>";
		};
/* End PBXVariantGroup section */

/* Begin XCBuildConfiguration section */
		D1D8609324FF2A3500A673A8 /* Debug */ = {
			isa = XCBuildConfiguration;
			buildSettings = {
				ALWAYS_SEARCH_USER_PATHS = NO;
				CLANG_ANALYZER_LOCALIZABILITY_NONLOCALIZED = YES;
				CLANG_ANALYZER_NONNULL = YES;
				CLANG_ANALYZER_NUMBER_OBJECT_CONVERSION = YES_AGGRESSIVE;
				CLANG_CXX_LANGUAGE_STANDARD = "gnu++14";
				CLANG_CXX_LIBRARY = "libc++";
				CLANG_ENABLE_MODULES = YES;
				CLANG_ENABLE_OBJC_ARC = YES;
				CLANG_ENABLE_OBJC_WEAK = YES;
				CLANG_WARN_BLOCK_CAPTURE_AUTORELEASING = YES;
				CLANG_WARN_BOOL_CONVERSION = YES;
				CLANG_WARN_COMMA = YES;
				CLANG_WARN_CONSTANT_CONVERSION = YES;
				CLANG_WARN_DEPRECATED_OBJC_IMPLEMENTATIONS = YES;
				CLANG_WARN_DIRECT_OBJC_ISA_USAGE = YES_ERROR;
				CLANG_WARN_DOCUMENTATION_COMMENTS = YES;
				CLANG_WARN_EMPTY_BODY = YES;
				CLANG_WARN_ENUM_CONVERSION = YES;
				CLANG_WARN_INFINITE_RECURSION = YES;
				CLANG_WARN_INT_CONVERSION = YES;
				CLANG_WARN_NON_LITERAL_NULL_CONVERSION = YES;
				CLANG_WARN_OBJC_IMPLICIT_RETAIN_SELF = YES;
				CLANG_WARN_OBJC_LITERAL_CONVERSION = YES;
				CLANG_WARN_OBJC_ROOT_CLASS = YES_ERROR;
				CLANG_WARN_RANGE_LOOP_ANALYSIS = YES;
				CLANG_WARN_STRICT_PROTOTYPES = YES;
				CLANG_WARN_SUSPICIOUS_MOVE = YES;
				CLANG_WARN_UNGUARDED_AVAILABILITY = YES_AGGRESSIVE;
				CLANG_WARN_UNREACHABLE_CODE = YES;
				CLANG_WARN__DUPLICATE_METHOD_MATCH = YES;
				COPY_PHASE_STRIP = NO;
				DEBUG_INFORMATION_FORMAT = dwarf;
				ENABLE_STRICT_OBJC_MSGSEND = YES;
				ENABLE_TESTABILITY = YES;
				GCC_C_LANGUAGE_STANDARD = gnu11;
				GCC_DYNAMIC_NO_PIC = NO;
				GCC_NO_COMMON_BLOCKS = YES;
				GCC_OPTIMIZATION_LEVEL = 0;
				GCC_PREPROCESSOR_DEFINITIONS = (
					"DEBUG=1",
					"$(inherited)",
				);
				GCC_WARN_64_TO_32_BIT_CONVERSION = YES;
				GCC_WARN_ABOUT_RETURN_TYPE = YES_ERROR;
				GCC_WARN_UNDECLARED_SELECTOR = YES;
				GCC_WARN_UNINITIALIZED_AUTOS = YES_AGGRESSIVE;
				GCC_WARN_UNUSED_FUNCTION = YES;
				GCC_WARN_UNUSED_VARIABLE = YES;
				IPHONEOS_DEPLOYMENT_TARGET = 13.6;
				MTL_ENABLE_DEBUG_INFO = INCLUDE_SOURCE;
				MTL_FAST_MATH = YES;
				ONLY_ACTIVE_ARCH = YES;
				SDKROOT = iphoneos;
				SWIFT_ACTIVE_COMPILATION_CONDITIONS = DEBUG;
				SWIFT_OPTIMIZATION_LEVEL = "-Onone";
			};
			name = Debug;
		};
		D1D8609424FF2A3500A673A8 /* Release */ = {
			isa = XCBuildConfiguration;
			buildSettings = {
				ALWAYS_SEARCH_USER_PATHS = NO;
				CLANG_ANALYZER_LOCALIZABILITY_NONLOCALIZED = YES;
				CLANG_ANALYZER_NONNULL = YES;
				CLANG_ANALYZER_NUMBER_OBJECT_CONVERSION = YES_AGGRESSIVE;
				CLANG_CXX_LANGUAGE_STANDARD = "gnu++14";
				CLANG_CXX_LIBRARY = "libc++";
				CLANG_ENABLE_MODULES = YES;
				CLANG_ENABLE_OBJC_ARC = YES;
				CLANG_ENABLE_OBJC_WEAK = YES;
				CLANG_WARN_BLOCK_CAPTURE_AUTORELEASING = YES;
				CLANG_WARN_BOOL_CONVERSION = YES;
				CLANG_WARN_COMMA = YES;
				CLANG_WARN_CONSTANT_CONVERSION = YES;
				CLANG_WARN_DEPRECATED_OBJC_IMPLEMENTATIONS = YES;
				CLANG_WARN_DIRECT_OBJC_ISA_USAGE = YES_ERROR;
				CLANG_WARN_DOCUMENTATION_COMMENTS = YES;
				CLANG_WARN_EMPTY_BODY = YES;
				CLANG_WARN_ENUM_CONVERSION = YES;
				CLANG_WARN_INFINITE_RECURSION = YES;
				CLANG_WARN_INT_CONVERSION = YES;
				CLANG_WARN_NON_LITERAL_NULL_CONVERSION = YES;
				CLANG_WARN_OBJC_IMPLICIT_RETAIN_SELF = YES;
				CLANG_WARN_OBJC_LITERAL_CONVERSION = YES;
				CLANG_WARN_OBJC_ROOT_CLASS = YES_ERROR;
				CLANG_WARN_RANGE_LOOP_ANALYSIS = YES;
				CLANG_WARN_STRICT_PROTOTYPES = YES;
				CLANG_WARN_SUSPICIOUS_MOVE = YES;
				CLANG_WARN_UNGUARDED_AVAILABILITY = YES_AGGRESSIVE;
				CLANG_WARN_UNREACHABLE_CODE = YES;
				CLANG_WARN__DUPLICATE_METHOD_MATCH = YES;
				COPY_PHASE_STRIP = NO;
				DEBUG_INFORMATION_FORMAT = "dwarf-with-dsym";
				ENABLE_NS_ASSERTIONS = NO;
				ENABLE_STRICT_OBJC_MSGSEND = YES;
				GCC_C_LANGUAGE_STANDARD = gnu11;
				GCC_NO_COMMON_BLOCKS = YES;
				GCC_WARN_64_TO_32_BIT_CONVERSION = YES;
				GCC_WARN_ABOUT_RETURN_TYPE = YES_ERROR;
				GCC_WARN_UNDECLARED_SELECTOR = YES;
				GCC_WARN_UNINITIALIZED_AUTOS = YES_AGGRESSIVE;
				GCC_WARN_UNUSED_FUNCTION = YES;
				GCC_WARN_UNUSED_VARIABLE = YES;
				IPHONEOS_DEPLOYMENT_TARGET = 13.6;
				MTL_ENABLE_DEBUG_INFO = NO;
				MTL_FAST_MATH = YES;
				SDKROOT = iphoneos;
				SWIFT_COMPILATION_MODE = wholemodule;
				SWIFT_OPTIMIZATION_LEVEL = "-O";
				VALIDATE_PRODUCT = YES;
			};
			name = Release;
		};
		D1D8609624FF2A3500A673A8 /* Debug */ = {
			isa = XCBuildConfiguration;
			buildSettings = {
				ASSETCATALOG_COMPILER_APPICON_NAME = AppIcon;
				CODE_SIGN_STYLE = Automatic;
				DEVELOPMENT_ASSET_PATHS = "\"LocalizationApp/Preview Content\"";
				DEVELOPMENT_TEAM = 2TT97CQ745;
				ENABLE_PREVIEWS = YES;
				INFOPLIST_FILE = LocalizationApp/Info.plist;
				LD_RUNPATH_SEARCH_PATHS = (
					"$(inherited)",
					"@executable_path/Frameworks",
				);
				PRODUCT_BUNDLE_IDENTIFIER = com.shiga.LocalizationApp;
				PRODUCT_NAME = "$(TARGET_NAME)";
				SWIFT_VERSION = 5.0;
				TARGETED_DEVICE_FAMILY = "1,2";
			};
			name = Debug;
		};
		D1D8609724FF2A3500A673A8 /* Release */ = {
			isa = XCBuildConfiguration;
			buildSettings = {
				ASSETCATALOG_COMPILER_APPICON_NAME = AppIcon;
				CODE_SIGN_STYLE = Automatic;
				DEVELOPMENT_ASSET_PATHS = "\"LocalizationApp/Preview Content\"";
				DEVELOPMENT_TEAM = 2TT97CQ745;
				ENABLE_PREVIEWS = YES;
				INFOPLIST_FILE = LocalizationApp/Info.plist;
				LD_RUNPATH_SEARCH_PATHS = (
					"$(inherited)",
					"@executable_path/Frameworks",
				);
				PRODUCT_BUNDLE_IDENTIFIER = com.shiga.LocalizationApp;
				PRODUCT_NAME = "$(TARGET_NAME)";
				SWIFT_VERSION = 5.0;
				TARGETED_DEVICE_FAMILY = "1,2";
			};
			name = Release;
		};
/* End XCBuildConfiguration section */

/* Begin XCConfigurationList section */
		D1D8607C24FF2A3300A673A8 /* Build configuration list for PBXProject "LocalizationApp" */ = {
			isa = XCConfigurationList;
			buildConfigurations = (
				D1D8609324FF2A3500A673A8 /* Debug */,
				D1D8609424FF2A3500A673A8 /* Release */,
			);
			defaultConfigurationIsVisible = 0;
			defaultConfigurationName = Release;
		};
		D1D8609524FF2A3500A673A8 /* Build configuration list for PBXNativeTarget "LocalizationApp" */ = {
			isa = XCConfigurationList;
			buildConfigurations = (
				D1D8609624FF2A3500A673A8 /* Debug */,
				D1D8609724FF2A3500A673A8 /* Release */,
			);
			defaultConfigurationIsVisible = 0;
			defaultConfigurationName = Release;
		};
/* End XCConfigurationList section */
	};
	rootObject = D1D8607924FF2A3300A673A8 /* Project object */;
}
